
Microsoft Visual Studio Solution File, Format Version 12.00
# Visual Studio Version 17
VisualStudioVersion = 17.5.002.0
MinimumVisualStudioVersion = 10.0.40219.1
Project("{9A19103F-16F7-4668-BE54-9A1E7A4F7556}") = "match game c#", "match game c#\match game c#.csproj", "{C7D52A88-3FA5-4C95-AB36-8120F09E2A96}"
EndProject
Global
	GlobalSection(SolutionConfigurationPlatforms) = preSolution
		Debug|Any CPU = Debug|Any CPU
		Release|Any CPU = Release|Any CPU
	EndGlobalSection
	GlobalSection(ProjectConfigurationPlatforms) = postSolution
		{C7D52A88-3FA5-4C95-AB36-8120F09E2A96}.Debug|Any CPU.ActiveCfg = Debug|Any CPU
		{C7D52A88-3FA5-4C95-AB36-8120F09E2A96}.Debug|Any CPU.Build.0 = Debug|Any CPU
		{C7D52A88-3FA5-4C95-AB36-8120F09E2A96}.Release|Any CPU.ActiveCfg = Release|Any CPU
		{C7D52A88-3FA5-4C95-AB36-8120F09E2A96}.Release|Any CPU.Build.0 = Release|Any CPU
	EndGlobalSection
	GlobalSection(SolutionProperties) = preSolution
		HideSolutionNode = FALSE
	EndGlobalSection
	GlobalSection(ExtensibilityGlobals) = postSolution
		SolutionGuid = {65675C0E-109F-4B1B-BEA5-84A03303B001}
	EndGlobalSection
EndGlobal
